
Microsoft Visual Studio Solution File, Format Version 12.00
# Visual Studio Version 17
VisualStudioVersion = 17.3.32929.385
MinimumVisualStudioVersion = 10.0.40219.1
Project("{9A19103F-16F7-4668-BE54-9A1E7A4F7556}") = "SeleniumDemoWithHooks", "SeleniumDemoWithHooks.csproj", "{F27150B0-CFA7-4D5B-B2E2-A74011E7762A}"
EndProject
Global
	GlobalSection(SolutionConfigurationPlatforms) = preSolution
		Debug|Any CPU = Debug|Any CPU
		Release|Any CPU = Release|Any CPU
	EndGlobalSection
	GlobalSection(ProjectConfigurationPlatforms) = postSolution
		{F27150B0-CFA7-4D5B-B2E2-A74011E7762A}.Debug|Any CPU.ActiveCfg = Debug|Any CPU
		{F27150B0-CFA7-4D5B-B2E2-A74011E7762A}.Debug|Any CPU.Build.0 = Debug|Any CPU
		{F27150B0-CFA7-4D5B-B2E2-A74011E7762A}.Release|Any CPU.ActiveCfg = Release|Any CPU
		{F27150B0-CFA7-4D5B-B2E2-A74011E7762A}.Release|Any CPU.Build.0 = Release|Any CPU
	EndGlobalSection
	GlobalSection(SolutionProperties) = preSolution
		HideSolutionNode = FALSE
	EndGlobalSection
	GlobalSection(ExtensibilityGlobals) = postSolution
		SolutionGuid = {0F19D00B-DB4C-421B-8810-D77A27E6111D}
	EndGlobalSection
EndGlobal
