
Microsoft Visual Studio Solution File, Format Version 12.00
# Visual Studio Version 16
VisualStudioVersion = 16.0.32802.440
MinimumVisualStudioVersion = 10.0.40219.1
Project("{9A19103F-16F7-4668-BE54-9A1E7A4F7556}") = "SpecFlowProject1", "SpecFlowProject1.csproj", "{30A4FD31-E96F-4080-86D8-87B00AC026D9}"
EndProject
Project("{9A19103F-16F7-4668-BE54-9A1E7A4F7556}") = "SFTP", "..\SFTP\SFTP.csproj", "{6EE4B258-76E7-4CA8-937A-664252F9BF83}"
EndProject
Project("{9A19103F-16F7-4668-BE54-9A1E7A4F7556}") = "SeleniumDemoWithHooks", "..\SeleniumDemoWithHooks\SeleniumDemoWithHooks.csproj", "{C6F7C831-C4FF-4BB4-9D2E-D1D8B8720AC4}"
EndProject
Project("{FAE04EC0-301F-11D3-BF4B-00C04F79EFBC}") = "MobileAppAutomation", "..\MobileAppAutomation\MobileAppAutomation.csproj", "{FE455D7A-FCAA-4BCB-B081-2EBAA4445912}"
EndProject
Global
	GlobalSection(SolutionConfigurationPlatforms) = preSolution
		Debug|Any CPU = Debug|Any CPU
		Release|Any CPU = Release|Any CPU
	EndGlobalSection
	GlobalSection(ProjectConfigurationPlatforms) = postSolution
		{30A4FD31-E96F-4080-86D8-87B00AC026D9}.Debug|Any CPU.ActiveCfg = Debug|Any CPU
		{30A4FD31-E96F-4080-86D8-87B00AC026D9}.Debug|Any CPU.Build.0 = Debug|Any CPU
		{30A4FD31-E96F-4080-86D8-87B00AC026D9}.Release|Any CPU.ActiveCfg = Release|Any CPU
		{30A4FD31-E96F-4080-86D8-87B00AC026D9}.Release|Any CPU.Build.0 = Release|Any CPU
		{6EE4B258-76E7-4CA8-937A-664252F9BF83}.Debug|Any CPU.ActiveCfg = Debug|Any CPU
		{6EE4B258-76E7-4CA8-937A-664252F9BF83}.Debug|Any CPU.Build.0 = Debug|Any CPU
		{6EE4B258-76E7-4CA8-937A-664252F9BF83}.Release|Any CPU.ActiveCfg = Release|Any CPU
		{6EE4B258-76E7-4CA8-937A-664252F9BF83}.Release|Any CPU.Build.0 = Release|Any CPU
		{C6F7C831-C4FF-4BB4-9D2E-D1D8B8720AC4}.Debug|Any CPU.ActiveCfg = Debug|Any CPU
		{C6F7C831-C4FF-4BB4-9D2E-D1D8B8720AC4}.Debug|Any CPU.Build.0 = Debug|Any CPU
		{C6F7C831-C4FF-4BB4-9D2E-D1D8B8720AC4}.Release|Any CPU.ActiveCfg = Release|Any CPU
		{C6F7C831-C4FF-4BB4-9D2E-D1D8B8720AC4}.Release|Any CPU.Build.0 = Release|Any CPU
		{FE455D7A-FCAA-4BCB-B081-2EBAA4445912}.Debug|Any CPU.ActiveCfg = Debug|Any CPU
		{FE455D7A-FCAA-4BCB-B081-2EBAA4445912}.Debug|Any CPU.Build.0 = Debug|Any CPU
		{FE455D7A-FCAA-4BCB-B081-2EBAA4445912}.Release|Any CPU.ActiveCfg = Release|Any CPU
		{FE455D7A-FCAA-4BCB-B081-2EBAA4445912}.Release|Any CPU.Build.0 = Release|Any CPU
	EndGlobalSection
	GlobalSection(SolutionProperties) = preSolution
		HideSolutionNode = FALSE
	EndGlobalSection
	GlobalSection(ExtensibilityGlobals) = postSolution
		SolutionGuid = {16A802F7-4EB9-4D8F-8AAE-5801B0EDA770}
	EndGlobalSection
EndGlobal
